// !$*UTF8*$!
{
	archiveVersion = 1;
	classes = {
	};
	objectVersion = 46;
	objects = {

/* Begin PBXBuildFile section */
		27100CF718B7367D002AF707 /* CelciusToFahrenheitTransformer.m in Sources */ = {isa = PBXBuildFile; fileRef = 27100CF618B7367D002AF707 /* CelciusToFahrenheitTransformer.m */; };
		27B87BEF18B56139003563AE /* DynamicTableViewController.m in Sources */ = {isa = PBXBuildFile; fileRef = 27B87BEA18B56139003563AE /* DynamicTableViewController.m */; };
		27B87BF018B56139003563AE /* TableSectionDescriptor.m in Sources */ = {isa = PBXBuildFile; fileRef = 27B87BEC18B56139003563AE /* TableSectionDescriptor.m */; };
		27B87BF118B56139003563AE /* TableRowDescriptor.m in Sources */ = {isa = PBXBuildFile; fileRef = 27B87BEE18B56139003563AE /* TableRowDescriptor.m */; };
		27B87BF518B56157003563AE /* NSIndexPath+SearchAdditions.m in Sources */ = {isa = PBXBuildFile; fileRef = 27B87BF418B56157003563AE /* NSIndexPath+SearchAdditions.m */; };
		27B87BF918B561A3003563AE /* GreenhouseViewController.m in Sources */ = {isa = PBXBuildFile; fileRef = 27B87BF818B561A3003563AE /* GreenhouseViewController.m */; };
		27CD20D31858326B004D8FE7 /* Foundation.framework in Frameworks */ = {isa = PBXBuildFile; fileRef = 27CD20D21858326B004D8FE7 /* Foundation.framework */; };
		27CD20D51858326B004D8FE7 /* CoreGraphics.framework in Frameworks */ = {isa = PBXBuildFile; fileRef = 27CD20D41858326B004D8FE7 /* CoreGraphics.framework */; };
		27CD20D71858326B004D8FE7 /* UIKit.framework in Frameworks */ = {isa = PBXBuildFile; fileRef = 27CD20D61858326B004D8FE7 /* UIKit.framework */; };
		27CD20DD1858326B004D8FE7 /* InfoPlist.strings in Resources */ = {isa = PBXBuildFile; fileRef = 27CD20DB1858326B004D8FE7 /* InfoPlist.strings */; };
		27CD20DF1858326B004D8FE7 /* main.m in Sources */ = {isa = PBXBuildFile; fileRef = 27CD20DE1858326B004D8FE7 /* main.m */; };
		27CD20E31858326B004D8FE7 /* AppDelegate.m in Sources */ = {isa = PBXBuildFile; fileRef = 27CD20E21858326B004D8FE7 /* AppDelegate.m */; };
		27CD20E61858326B004D8FE7 /* Main.storyboard in Resources */ = {isa = PBXBuildFile; fileRef = 27CD20E41858326B004D8FE7 /* Main.storyboard */; };
		27CD20E91858326B004D8FE7 /* ViewController.m in Sources */ = {isa = PBXBuildFile; fileRef = 27CD20E81858326B004D8FE7 /* ViewController.m */; };
		27CD20EB1858326B004D8FE7 /* Images.xcassets in Resources */ = {isa = PBXBuildFile; fileRef = 27CD20EA1858326B004D8FE7 /* Images.xcassets */; };
		27CD20F21858326B004D8FE7 /* XCTest.framework in Frameworks */ = {isa = PBXBuildFile; fileRef = 27CD20F11858326B004D8FE7 /* XCTest.framework */; };
		27CD20F31858326B004D8FE7 /* Foundation.framework in Frameworks */ = {isa = PBXBuildFile; fileRef = 27CD20D21858326B004D8FE7 /* Foundation.framework */; };
		27CD20F41858326B004D8FE7 /* UIKit.framework in Frameworks */ = {isa = PBXBuildFile; fileRef = 27CD20D61858326B004D8FE7 /* UIKit.framework */; };
		27CD20FC1858326C004D8FE7 /* InfoPlist.strings in Resources */ = {isa = PBXBuildFile; fileRef = 27CD20FA1858326C004D8FE7 /* InfoPlist.strings */; };
		27CD20FE1858326C004D8FE7 /* Arduino_GreenhouseTests.m in Sources */ = {isa = PBXBuildFile; fileRef = 27CD20FD1858326C004D8FE7 /* Arduino_GreenhouseTests.m */; };
		27CD210A1858329A004D8FE7 /* BLE.m in Sources */ = {isa = PBXBuildFile; fileRef = 27CD21081858329A004D8FE7 /* BLE.m */; };
		27CD210F185837DA004D8FE7 /* NSData+CRC8.m in Sources */ = {isa = PBXBuildFile; fileRef = 27CD210E185837DA004D8FE7 /* NSData+CRC8.m */; };
		27F5D43218B683C100BF7BB6 /* UIView+HierarchySearch.m in Sources */ = {isa = PBXBuildFile; fileRef = 27F5D43118B683C100BF7BB6 /* UIView+HierarchySearch.m */; };
		27F5D43518B6A0EE00BF7BB6 /* CBPeripheral+Additions.m in Sources */ = {isa = PBXBuildFile; fileRef = 27F5D43418B6A0EE00BF7BB6 /* CBPeripheral+Additions.m */; };
/* End PBXBuildFile section */

/* Begin PBXContainerItemProxy section */
		27CD20F51858326B004D8FE7 /* PBXContainerItemProxy */ = {
			isa = PBXContainerItemProxy;
			containerPortal = 27CD20C71858326B004D8FE7 /* Project object */;
			proxyType = 1;
			remoteGlobalIDString = 27CD20CE1858326B004D8FE7;
			remoteInfo = "Arduino Greenhouse";
		};
/* End PBXContainerItemProxy section */

/* Begin PBXFileReference section */
		27100CF518B7367D002AF707 /* CelciusToFahrenheitTransformer.h */ = {isa = PBXFileReference; fileEncoding = 4; lastKnownFileType = sourcecode.c.h; path = CelciusToFahrenheitTransformer.h; sourceTree = "<group>"; };
		27100CF618B7367D002AF707 /* CelciusToFahrenheitTransformer.m */ = {isa = PBXFileReference; fileEncoding = 4; lastKnownFileType = sourcecode.c.objc; path = CelciusToFahrenheitTransformer.m; sourceTree = "<group>"; };
		27B87BE918B56139003563AE /* DynamicTableViewController.h */ = {isa = PBXFileReference; fileEncoding = 4; lastKnownFileType = sourcecode.c.h; path = DynamicTableViewController.h; sourceTree = "<group>"; };
		27B87BEA18B56139003563AE /* DynamicTableViewController.m */ = {isa = PBXFileReference; fileEncoding = 4; lastKnownFileType = sourcecode.c.objc; path = DynamicTableViewController.m; sourceTree = "<group>"; };
		27B87BEB18B56139003563AE /* TableSectionDescriptor.h */ = {isa = PBXFileReference; fileEncoding = 4; lastKnownFileType = sourcecode.c.h; path = TableSectionDescriptor.h; sourceTree = "<group>"; };
		27B87BEC18B56139003563AE /* TableSectionDescriptor.m */ = {isa = PBXFileReference; fileEncoding = 4; lastKnownFileType = sourcecode.c.objc; path = TableSectionDescriptor.m; sourceTree = "<group>"; };
		27B87BED18B56139003563AE /* TableRowDescriptor.h */ = {isa = PBXFileReference; fileEncoding = 4; lastKnownFileType = sourcecode.c.h; path = TableRowDescriptor.h; sourceTree = "<group>"; };
		27B87BEE18B56139003563AE /* TableRowDescriptor.m */ = {isa = PBXFileReference; fileEncoding = 4; lastKnownFileType = sourcecode.c.objc; path = TableRowDescriptor.m; sourceTree = "<group>"; };
		27B87BF218B56147003563AE /* DynamicHeightCell.h */ = {isa = PBXFileReference; lastKnownFileType = sourcecode.c.h; path = DynamicHeightCell.h; sourceTree = "<group>"; };
		27B87BF318B56157003563AE /* NSIndexPath+SearchAdditions.h */ = {isa = PBXFileReference; fileEncoding = 4; lastKnownFileType = sourcecode.c.h; path = "NSIndexPath+SearchAdditions.h"; sourceTree = "<group>"; };
		27B87BF418B56157003563AE /* NSIndexPath+SearchAdditions.m */ = {isa = PBXFileReference; fileEncoding = 4; lastKnownFileType = sourcecode.c.objc; path = "NSIndexPath+SearchAdditions.m"; sourceTree = "<group>"; };
		27B87BF718B561A3003563AE /* GreenhouseViewController.h */ = {isa = PBXFileReference; fileEncoding = 4; lastKnownFileType = sourcecode.c.h; path = GreenhouseViewController.h; sourceTree = "<group>"; };
		27B87BF818B561A3003563AE /* GreenhouseViewController.m */ = {isa = PBXFileReference; fileEncoding = 4; lastKnownFileType = sourcecode.c.objc; path = GreenhouseViewController.m; sourceTree = "<group>"; };
		27CD20CF1858326B004D8FE7 /* Arduino Greenhouse.app */ = {isa = PBXFileReference; explicitFileType = wrapper.application; includeInIndex = 0; path = "Arduino Greenhouse.app"; sourceTree = BUILT_PRODUCTS_DIR; };
		27CD20D21858326B004D8FE7 /* Foundation.framework */ = {isa = PBXFileReference; lastKnownFileType = wrapper.framework; name = Foundation.framework; path = System/Library/Frameworks/Foundation.framework; sourceTree = SDKROOT; };
		27CD20D41858326B004D8FE7 /* CoreGraphics.framework */ = {isa = PBXFileReference; lastKnownFileType = wrapper.framework; name = CoreGraphics.framework; path = System/Library/Frameworks/CoreGraphics.framework; sourceTree = SDKROOT; };
		27CD20D61858326B004D8FE7 /* UIKit.framework */ = {isa = PBXFileReference; lastKnownFileType = wrapper.framework; name = UIKit.framework; path = System/Library/Frameworks/UIKit.framework; sourceTree = SDKROOT; };
		27CD20DA1858326B004D8FE7 /* Arduino Greenhouse-Info.plist */ = {isa = PBXFileReference; lastKnownFileType = text.plist.xml; path = "Arduino Greenhouse-Info.plist"; sourceTree = "<group>"; };
		27CD20DC1858326B004D8FE7 /* en */ = {isa = PBXFileReference; lastKnownFileType = text.plist.strings; name = en; path = en.lproj/InfoPlist.strings; sourceTree = "<group>"; };
		27CD20DE1858326B004D8FE7 /* main.m */ = {isa = PBXFileReference; lastKnownFileType = sourcecode.c.objc; path = main.m; sourceTree = "<group>"; };
		27CD20E01858326B004D8FE7 /* Arduino Greenhouse-Prefix.pch */ = {isa = PBXFileReference; lastKnownFileType = sourcecode.c.h; path = "Arduino Greenhouse-Prefix.pch"; sourceTree = "<group>"; };
		27CD20E11858326B004D8FE7 /* AppDelegate.h */ = {isa = PBXFileReference; lastKnownFileType = sourcecode.c.h; path = AppDelegate.h; sourceTree = "<group>"; };
		27CD20E21858326B004D8FE7 /* AppDelegate.m */ = {isa = PBXFileReference; lastKnownFileType = sourcecode.c.objc; path = AppDelegate.m; sourceTree = "<group>"; };
		27CD20E51858326B004D8FE7 /* Base */ = {isa = PBXFileReference; lastKnownFileType = file.storyboard; name = Base; path = Base.lproj/Main.storyboard; sourceTree = "<group>"; };
		27CD20E71858326B004D8FE7 /* ViewController.h */ = {isa = PBXFileReference; lastKnownFileType = sourcecode.c.h; path = ViewController.h; sourceTree = "<group>"; };
		27CD20E81858326B004D8FE7 /* ViewController.m */ = {isa = PBXFileReference; lastKnownFileType = sourcecode.c.objc; path = ViewController.m; sourceTree = "<group>"; };
		27CD20EA1858326B004D8FE7 /* Images.xcassets */ = {isa = PBXFileReference; lastKnownFileType = folder.assetcatalog; path = Images.xcassets; sourceTree = "<group>"; };
		27CD20F01858326B004D8FE7 /* Arduino GreenhouseTests.xctest */ = {isa = PBXFileReference; explicitFileType = wrapper.cfbundle; includeInIndex = 0; path = "Arduino GreenhouseTests.xctest"; sourceTree = BUILT_PRODUCTS_DIR; };
		27CD20F11858326B004D8FE7 /* XCTest.framework */ = {isa = PBXFileReference; lastKnownFileType = wrapper.framework; name = XCTest.framework; path = Library/Frameworks/XCTest.framework; sourceTree = DEVELOPER_DIR; };
		27CD20F91858326C004D8FE7 /* Arduino GreenhouseTests-Info.plist */ = {isa = PBXFileReference; lastKnownFileType = text.plist.xml; path = "Arduino GreenhouseTests-Info.plist"; sourceTree = "<group>"; };
		27CD20FB1858326C004D8FE7 /* en */ = {isa = PBXFileReference; lastKnownFileType = text.plist.strings; name = en; path = en.lproj/InfoPlist.strings; sourceTree = "<group>"; };
		27CD20FD1858326C004D8FE7 /* Arduino_GreenhouseTests.m */ = {isa = PBXFileReference; lastKnownFileType = sourcecode.c.objc; path = Arduino_GreenhouseTests.m; sourceTree = "<group>"; };
		27CD21071858329A004D8FE7 /* BLE.h */ = {isa = PBXFileReference; fileEncoding = 4; lastKnownFileType = sourcecode.c.h; path = BLE.h; sourceTree = "<group>"; };
		27CD21081858329A004D8FE7 /* BLE.m */ = {isa = PBXFileReference; fileEncoding = 4; lastKnownFileType = sourcecode.c.objc; path = BLE.m; sourceTree = "<group>"; };
		27CD21091858329A004D8FE7 /* BLEDefines.h */ = {isa = PBXFileReference; fileEncoding = 4; lastKnownFileType = sourcecode.c.h; path = BLEDefines.h; sourceTree = "<group>"; };
		27CD210C1858361A004D8FE7 /* SerialCommDataTypes.h */ = {isa = PBXFileReference; lastKnownFileType = sourcecode.c.h; path = SerialCommDataTypes.h; sourceTree = "<group>"; };
		27CD210D185837DA004D8FE7 /* NSData+CRC8.h */ = {isa = PBXFileReference; fileEncoding = 4; lastKnownFileType = sourcecode.c.h; path = "NSData+CRC8.h"; sourceTree = "<group>"; };
		27CD210E185837DA004D8FE7 /* NSData+CRC8.m */ = {isa = PBXFileReference; fileEncoding = 4; lastKnownFileType = sourcecode.c.objc; path = "NSData+CRC8.m"; sourceTree = "<group>"; };
		27F5D43018B683C100BF7BB6 /* UIView+HierarchySearch.h */ = {isa = PBXFileReference; fileEncoding = 4; lastKnownFileType = sourcecode.c.h; path = "UIView+HierarchySearch.h"; sourceTree = "<group>"; };
		27F5D43118B683C100BF7BB6 /* UIView+HierarchySearch.m */ = {isa = PBXFileReference; fileEncoding = 4; lastKnownFileType = sourcecode.c.objc; path = "UIView+HierarchySearch.m"; sourceTree = "<group>"; };
		27F5D43318B6A0EE00BF7BB6 /* CBPeripheral+Additions.h */ = {isa = PBXFileReference; fileEncoding = 4; lastKnownFileType = sourcecode.c.h; path = "CBPeripheral+Additions.h"; sourceTree = "<group>"; };
		27F5D43418B6A0EE00BF7BB6 /* CBPeripheral+Additions.m */ = {isa = PBXFileReference; fileEncoding = 4; lastKnownFileType = sourcecode.c.objc; path = "CBPeripheral+Additions.m"; sourceTree = "<group>"; };
/* End PBXFileReference section */

/* Begin PBXFrameworksBuildPhase section */
		27CD20CC1858326B004D8FE7 /* Frameworks */ = {
			isa = PBXFrameworksBuildPhase;
			buildActionMask = 2147483647;
			files = (
				27CD20D51858326B004D8FE7 /* CoreGraphics.framework in Frameworks */,
				27CD20D71858326B004D8FE7 /* UIKit.framework in Frameworks */,
				27CD20D31858326B004D8FE7 /* Foundation.framework in Frameworks */,
			);
			runOnlyForDeploymentPostprocessing = 0;
		};
		27CD20ED1858326B004D8FE7 /* Frameworks */ = {
			isa = PBXFrameworksBuildPhase;
			buildActionMask = 2147483647;
			files = (
				27CD20F21858326B004D8FE7 /* XCTest.framework in Frameworks */,
				27CD20F41858326B004D8FE7 /* UIKit.framework in Frameworks */,
				27CD20F31858326B004D8FE7 /* Foundation.framework in Frameworks */,
			);
			runOnlyForDeploymentPostprocessing = 0;
		};
/* End PBXFrameworksBuildPhase section */

/* Begin PBXGroup section */
		27B87BF618B5616F003563AE /* View Controllers */ = {
			isa = PBXGroup;
			children = (
				27B87BF718B561A3003563AE /* GreenhouseViewController.h */,
				27B87BF818B561A3003563AE /* GreenhouseViewController.m */,
			);
			name = "View Controllers";
			sourceTree = "<group>";
		};
		27CD20C61858326B004D8FE7 = {
			isa = PBXGroup;
			children = (
				27CD20D81858326B004D8FE7 /* Arduino Greenhouse */,
				27CD20F71858326C004D8FE7 /* Arduino Greenhouse Tests */,
				27CD20D11858326B004D8FE7 /* Frameworks */,
				27CD20D01858326B004D8FE7 /* Products */,
			);
			sourceTree = "<group>";
		};
		27CD20D01858326B004D8FE7 /* Products */ = {
			isa = PBXGroup;
			children = (
				27CD20CF1858326B004D8FE7 /* Arduino Greenhouse.app */,
				27CD20F01858326B004D8FE7 /* Arduino GreenhouseTests.xctest */,
			);
			name = Products;
			sourceTree = "<group>";
		};
		27CD20D11858326B004D8FE7 /* Frameworks */ = {
			isa = PBXGroup;
			children = (
				27CD210B1858329F004D8FE7 /* Bluetooth LE */,
				27CD20D21858326B004D8FE7 /* Foundation.framework */,
				27CD20D41858326B004D8FE7 /* CoreGraphics.framework */,
				27CD20D61858326B004D8FE7 /* UIKit.framework */,
				27CD20F11858326B004D8FE7 /* XCTest.framework */,
			);
			name = Frameworks;
			sourceTree = "<group>";
		};
		27CD20D81858326B004D8FE7 /* Arduino Greenhouse */ = {
			isa = PBXGroup;
			children = (
				27B87BF618B5616F003563AE /* View Controllers */,
				27CD211018595950004D8FE7 /* Helpers */,
				27CD20E11858326B004D8FE7 /* AppDelegate.h */,
				27CD20E21858326B004D8FE7 /* AppDelegate.m */,
				27CD20E71858326B004D8FE7 /* ViewController.h */,
				27CD20E81858326B004D8FE7 /* ViewController.m */,
				27CD20E41858326B004D8FE7 /* Main.storyboard */,
				27CD20EA1858326B004D8FE7 /* Images.xcassets */,
				27CD20D91858326B004D8FE7 /* Supporting Files */,
			);
			name = "Arduino Greenhouse";
			path = "Arduino Greenhouse";
			sourceTree = "<group>";
		};
		27CD20D91858326B004D8FE7 /* Supporting Files */ = {
			isa = PBXGroup;
			children = (
				27CD20DA1858326B004D8FE7 /* Arduino Greenhouse-Info.plist */,
				27CD20DB1858326B004D8FE7 /* InfoPlist.strings */,
				27CD20DE1858326B004D8FE7 /* main.m */,
				27CD20E01858326B004D8FE7 /* Arduino Greenhouse-Prefix.pch */,
			);
			name = "Supporting Files";
			sourceTree = "<group>";
		};
		27CD20F71858326C004D8FE7 /* Arduino Greenhouse Tests */ = {
			isa = PBXGroup;
			children = (
				27CD20FD1858326C004D8FE7 /* Arduino_GreenhouseTests.m */,
				27CD20F81858326C004D8FE7 /* Supporting Files */,
			);
			name = "Arduino Greenhouse Tests";
			path = "Arduino GreenhouseTests";
			sourceTree = "<group>";
		};
		27CD20F81858326C004D8FE7 /* Supporting Files */ = {
			isa = PBXGroup;
			children = (
				27CD20F91858326C004D8FE7 /* Arduino GreenhouseTests-Info.plist */,
				27CD20FA1858326C004D8FE7 /* InfoPlist.strings */,
			);
			name = "Supporting Files";
			sourceTree = "<group>";
		};
		27CD210B1858329F004D8FE7 /* Bluetooth LE */ = {
			isa = PBXGroup;
			children = (
				27CD21071858329A004D8FE7 /* BLE.h */,
				27CD21081858329A004D8FE7 /* BLE.m */,
				27CD21091858329A004D8FE7 /* BLEDefines.h */,
			);
			name = "Bluetooth LE";
			sourceTree = "<group>";
		};
		27CD211018595950004D8FE7 /* Helpers */ = {
			isa = PBXGroup;
			children = (
				27CD210D185837DA004D8FE7 /* NSData+CRC8.h */,
				27CD210E185837DA004D8FE7 /* NSData+CRC8.m */,
				27CD210C1858361A004D8FE7 /* SerialCommDataTypes.h */,
				27B87BE918B56139003563AE /* DynamicTableViewController.h */,
				27B87BEA18B56139003563AE /* DynamicTableViewController.m */,
				27B87BEB18B56139003563AE /* TableSectionDescriptor.h */,
				27B87BEC18B56139003563AE /* TableSectionDescriptor.m */,
				27B87BED18B56139003563AE /* TableRowDescriptor.h */,
				27B87BEE18B56139003563AE /* TableRowDescriptor.m */,
				27B87BF218B56147003563AE /* DynamicHeightCell.h */,
				27B87BF318B56157003563AE /* NSIndexPath+SearchAdditions.h */,
				27B87BF418B56157003563AE /* NSIndexPath+SearchAdditions.m */,
				27F5D43018B683C100BF7BB6 /* UIView+HierarchySearch.h */,
				27F5D43118B683C100BF7BB6 /* UIView+HierarchySearch.m */,
				27F5D43318B6A0EE00BF7BB6 /* CBPeripheral+Additions.h */,
				27F5D43418B6A0EE00BF7BB6 /* CBPeripheral+Additions.m */,
				27100CF518B7367D002AF707 /* CelciusToFahrenheitTransformer.h */,
				27100CF618B7367D002AF707 /* CelciusToFahrenheitTransformer.m */,
			);
			name = Helpers;
			sourceTree = "<group>";
		};
/* End PBXGroup section */

/* Begin PBXNativeTarget section */
		27CD20CE1858326B004D8FE7 /* Arduino Greenhouse */ = {
			isa = PBXNativeTarget;
			buildConfigurationList = 27CD21011858326C004D8FE7 /* Build configuration list for PBXNativeTarget "Arduino Greenhouse" */;
			buildPhases = (
				27CD20CB1858326B004D8FE7 /* Sources */,
				27CD20CC1858326B004D8FE7 /* Frameworks */,
				27CD20CD1858326B004D8FE7 /* Resources */,
			);
			buildRules = (
			);
			dependencies = (
			);
			name = "Arduino Greenhouse";
			productName = "Arduino Greenhouse";
			productReference = 27CD20CF1858326B004D8FE7 /* Arduino Greenhouse.app */;
			productType = "com.apple.product-type.application";
		};
		27CD20EF1858326B004D8FE7 /* Arduino GreenhouseTests */ = {
			isa = PBXNativeTarget;
			buildConfigurationList = 27CD21041858326C004D8FE7 /* Build configuration list for PBXNativeTarget "Arduino GreenhouseTests" */;
			buildPhases = (
				27CD20EC1858326B004D8FE7 /* Sources */,
				27CD20ED1858326B004D8FE7 /* Frameworks */,
				27CD20EE1858326B004D8FE7 /* Resources */,
			);
			buildRules = (
			);
			dependencies = (
				27CD20F61858326B004D8FE7 /* PBXTargetDependency */,
			);
			name = "Arduino GreenhouseTests";
			productName = "Arduino GreenhouseTests";
			productReference = 27CD20F01858326B004D8FE7 /* Arduino GreenhouseTests.xctest */;
			productType = "com.apple.product-type.bundle.unit-test";
		};
/* End PBXNativeTarget section */

/* Begin PBXProject section */
		27CD20C71858326B004D8FE7 /* Project object */ = {
			isa = PBXProject;
			attributes = {
				LastUpgradeCheck = 0510;
				ORGANIZATIONNAME = "Chas Conway";
				TargetAttributes = {
					27CD20CE1858326B004D8FE7 = {
						SystemCapabilities = {
							com.apple.BackgroundModes = {
								enabled = 1;
							};
						};
					};
					27CD20EF1858326B004D8FE7 = {
						TestTargetID = 27CD20CE1858326B004D8FE7;
					};
				};
			};
			buildConfigurationList = 27CD20CA1858326B004D8FE7 /* Build configuration list for PBXProject "Arduino Greenhouse" */;
			compatibilityVersion = "Xcode 3.2";
			developmentRegion = English;
			hasScannedForEncodings = 0;
			knownRegions = (
				en,
				Base,
			);
			mainGroup = 27CD20C61858326B004D8FE7;
			productRefGroup = 27CD20D01858326B004D8FE7 /* Products */;
			projectDirPath = "";
			projectRoot = "";
			targets = (
				27CD20CE1858326B004D8FE7 /* Arduino Greenhouse */,
				27CD20EF1858326B004D8FE7 /* Arduino GreenhouseTests */,
			);
		};
/* End PBXProject section */

/* Begin PBXResourcesBuildPhase section */
		27CD20CD1858326B004D8FE7 /* Resources */ = {
			isa = PBXResourcesBuildPhase;
			buildActionMask = 2147483647;
			files = (
				27CD20EB1858326B004D8FE7 /* Images.xcassets in Resources */,
				27CD20DD1858326B004D8FE7 /* InfoPlist.strings in Resources */,
				27CD20E61858326B004D8FE7 /* Main.storyboard in Resources */,
			);
			runOnlyForDeploymentPostprocessing = 0;
		};
		27CD20EE1858326B004D8FE7 /* Resources */ = {
			isa = PBXResourcesBuildPhase;
			buildActionMask = 2147483647;
			files = (
				27CD20FC1858326C004D8FE7 /* InfoPlist.strings in Resources */,
			);
			runOnlyForDeploymentPostprocessing = 0;
		};
/* End PBXResourcesBuildPhase section */

/* Begin PBXSourcesBuildPhase section */
		27CD20CB1858326B004D8FE7 /* Sources */ = {
			isa = PBXSourcesBuildPhase;
			buildActionMask = 2147483647;
			files = (
				27CD20E91858326B004D8FE7 /* ViewController.m in Sources */,
				27B87BF918B561A3003563AE /* GreenhouseViewController.m in Sources */,
				27B87BF518B56157003563AE /* NSIndexPath+SearchAdditions.m in Sources */,
				27CD210F185837DA004D8FE7 /* NSData+CRC8.m in Sources */,
				27F5D43218B683C100BF7BB6 /* UIView+HierarchySearch.m in Sources */,
				27100CF718B7367D002AF707 /* CelciusToFahrenheitTransformer.m in Sources */,
				27CD20E31858326B004D8FE7 /* AppDelegate.m in Sources */,
				27F5D43518B6A0EE00BF7BB6 /* CBPeripheral+Additions.m in Sources */,
				27B87BF018B56139003563AE /* TableSectionDescriptor.m in Sources */,
				27CD20DF1858326B004D8FE7 /* main.m in Sources */,
				27CD210A1858329A004D8FE7 /* BLE.m in Sources */,
				27B87BF118B56139003563AE /* TableRowDescriptor.m in Sources */,
				27B87BEF18B56139003563AE /* DynamicTableViewController.m in Sources */,
			);
			runOnlyForDeploymentPostprocessing = 0;
		};
		27CD20EC1858326B004D8FE7 /* Sources */ = {
			isa = PBXSourcesBuildPhase;
			buildActionMask = 2147483647;
			files = (
				27CD20FE1858326C004D8FE7 /* Arduino_GreenhouseTests.m in Sources */,
			);
			runOnlyForDeploymentPostprocessing = 0;
		};
/* End PBXSourcesBuildPhase section */

/* Begin PBXTargetDependency section */
		27CD20F61858326B004D8FE7 /* PBXTargetDependency */ = {
			isa = PBXTargetDependency;
			target = 27CD20CE1858326B004D8FE7 /* Arduino Greenhouse */;
			targetProxy = 27CD20F51858326B004D8FE7 /* PBXContainerItemProxy */;
		};
/* End PBXTargetDependency section */

/* Begin PBXVariantGroup section */
		27CD20DB1858326B004D8FE7 /* InfoPlist.strings */ = {
			isa = PBXVariantGroup;
			children = (
				27CD20DC1858326B004D8FE7 /* en */,
			);
			name = InfoPlist.strings;
			sourceTree = "<group>";
		};
		27CD20E41858326B004D8FE7 /* Main.storyboard */ = {
			isa = PBXVariantGroup;
			children = (
				27CD20E51858326B004D8FE7 /* Base */,
			);
			name = Main.storyboard;
			sourceTree = "<group>";
		};
		27CD20FA1858326C004D8FE7 /* InfoPlist.strings */ = {
			isa = PBXVariantGroup;
			children = (
				27CD20FB1858326C004D8FE7 /* en */,
			);
			name = InfoPlist.strings;
			sourceTree = "<group>";
		};
/* End PBXVariantGroup section */

/* Begin XCBuildConfiguration section */
		27CD20FF1858326C004D8FE7 /* Debug */ = {
			isa = XCBuildConfiguration;
			buildSettings = {
				ALWAYS_SEARCH_USER_PATHS = NO;
				ARCHS = "$(ARCHS_STANDARD_INCLUDING_64_BIT)";
				CLANG_CXX_LANGUAGE_STANDARD = "gnu++0x";
				CLANG_CXX_LIBRARY = "libc++";
				CLANG_ENABLE_MODULES = YES;
				CLANG_ENABLE_OBJC_ARC = YES;
				CLANG_WARN_BOOL_CONVERSION = YES;
				CLANG_WARN_CONSTANT_CONVERSION = YES;
				CLANG_WARN_DIRECT_OBJC_ISA_USAGE = YES_ERROR;
				CLANG_WARN_EMPTY_BODY = YES;
				CLANG_WARN_ENUM_CONVERSION = YES;
				CLANG_WARN_INT_CONVERSION = YES;
				CLANG_WARN_OBJC_ROOT_CLASS = YES_ERROR;
				CLANG_WARN__DUPLICATE_METHOD_MATCH = YES;
				"CODE_SIGN_IDENTITY[sdk=iphoneos*]" = "iPhone Developer";
				COPY_PHASE_STRIP = NO;
				GCC_C_LANGUAGE_STANDARD = gnu99;
				GCC_DYNAMIC_NO_PIC = NO;
				GCC_OPTIMIZATION_LEVEL = 0;
				GCC_PREPROCESSOR_DEFINITIONS = (
					"DEBUG=1",
					"$(inherited)",
				);
				GCC_SYMBOLS_PRIVATE_EXTERN = NO;
				GCC_WARN_64_TO_32_BIT_CONVERSION = YES;
				GCC_WARN_ABOUT_RETURN_TYPE = YES_ERROR;
				GCC_WARN_UNDECLARED_SELECTOR = YES;
				GCC_WARN_UNINITIALIZED_AUTOS = YES_AGGRESSIVE;
				GCC_WARN_UNUSED_FUNCTION = YES;
				GCC_WARN_UNUSED_VARIABLE = YES;
				IPHONEOS_DEPLOYMENT_TARGET = 7.1;
				ONLY_ACTIVE_ARCH = YES;
				SDKROOT = iphoneos;
			};
			name = Debug;
		};
		27CD21001858326C004D8FE7 /* Release */ = {
			isa = XCBuildConfiguration;
			buildSettings = {
				ALWAYS_SEARCH_USER_PATHS = NO;
				ARCHS = "$(ARCHS_STANDARD_INCLUDING_64_BIT)";
				CLANG_CXX_LANGUAGE_STANDARD = "gnu++0x";
				CLANG_CXX_LIBRARY = "libc++";
				CLANG_ENABLE_MODULES = YES;
				CLANG_ENABLE_OBJC_ARC = YES;
				CLANG_WARN_BOOL_CONVERSION = YES;
				CLANG_WARN_CONSTANT_CONVERSION = YES;
				CLANG_WARN_DIRECT_OBJC_ISA_USAGE = YES_ERROR;
				CLANG_WARN_EMPTY_BODY = YES;
				CLANG_WARN_ENUM_CONVERSION = YES;
				CLANG_WARN_INT_CONVERSION = YES;
				CLANG_WARN_OBJC_ROOT_CLASS = YES_ERROR;
				CLANG_WARN__DUPLICATE_METHOD_MATCH = YES;
				"CODE_SIGN_IDENTITY[sdk=iphoneos*]" = "iPhone Developer";
				COPY_PHASE_STRIP = YES;
				ENABLE_NS_ASSERTIONS = NO;
				GCC_C_LANGUAGE_STANDARD = gnu99;
				GCC_WARN_64_TO_32_BIT_CONVERSION = YES;
				GCC_WARN_ABOUT_RETURN_TYPE = YES_ERROR;
				GCC_WARN_UNDECLARED_SELECTOR = YES;
				GCC_WARN_UNINITIALIZED_AUTOS = YES_AGGRESSIVE;
				GCC_WARN_UNUSED_FUNCTION = YES;
				GCC_WARN_UNUSED_VARIABLE = YES;
				IPHONEOS_DEPLOYMENT_TARGET = 7.1;
				SDKROOT = iphoneos;
				VALIDATE_PRODUCT = YES;
			};
			name = Release;
		};
		27CD21021858326C004D8FE7 /* Debug */ = {
			isa = XCBuildConfiguration;
			buildSettings = {
				ASSETCATALOG_COMPILER_APPICON_NAME = AppIcon;
				ASSETCATALOG_COMPILER_LAUNCHIMAGE_NAME = LaunchImage;
				GCC_PRECOMPILE_PREFIX_HEADER = YES;
				GCC_PREFIX_HEADER = "Arduino Greenhouse/Arduino Greenhouse-Prefix.pch";
				INFOPLIST_FILE = "Arduino Greenhouse/Arduino Greenhouse-Info.plist";
				PRODUCT_NAME = "Arduino Greenhouse";
				WRAPPER_EXTENSION = app;
			};
			name = Debug;
		};
		27CD21031858326C004D8FE7 /* Release */ = {
			isa = XCBuildConfiguration;
			buildSettings = {
				ASSETCATALOG_COMPILER_APPICON_NAME = AppIcon;
				ASSETCATALOG_COMPILER_LAUNCHIMAGE_NAME = LaunchImage;
				GCC_PRECOMPILE_PREFIX_HEADER = YES;
				GCC_PREFIX_HEADER = "Arduino Greenhouse/Arduino Greenhouse-Prefix.pch";
				INFOPLIST_FILE = "Arduino Greenhouse/Arduino Greenhouse-Info.plist";
				PRODUCT_NAME = "Arduino Greenhouse";
				WRAPPER_EXTENSION = app;
			};
			name = Release;
		};
		27CD21051858326C004D8FE7 /* Debug */ = {
			isa = XCBuildConfiguration;
			buildSettings = {
				ARCHS = "$(ARCHS_STANDARD_INCLUDING_64_BIT)";
				BUNDLE_LOADER = "$(BUILT_PRODUCTS_DIR)/Arduino Greenhouse.app/Arduino Greenhouse";
				FRAMEWORK_SEARCH_PATHS = (
					"$(SDKROOT)/Developer/Library/Frameworks",
					"$(inherited)",
					"$(DEVELOPER_FRAMEWORKS_DIR)",
				);
				GCC_PRECOMPILE_PREFIX_HEADER = YES;
				GCC_PREFIX_HEADER = "Arduino Greenhouse/Arduino Greenhouse-Prefix.pch";
				GCC_PREPROCESSOR_DEFINITIONS = (
					"DEBUG=1",
					"$(inherited)",
				);
				INFOPLIST_FILE = "Arduino GreenhouseTests/Arduino GreenhouseTests-Info.plist";
				PRODUCT_NAME = "Arduino GreenhouseTests";
				TEST_HOST = "$(BUNDLE_LOADER)";
				WRAPPER_EXTENSION = xctest;
			};
			name = Debug;
		};
		27CD21061858326C004D8FE7 /* Release */ = {
			isa = XCBuildConfiguration;
			buildSettings = {
				ARCHS = "$(ARCHS_STANDARD_INCLUDING_64_BIT)";
				BUNDLE_LOADER = "$(BUILT_PRODUCTS_DIR)/Arduino Greenhouse.app/Arduino Greenhouse";
				FRAMEWORK_SEARCH_PATHS = (
					"$(SDKROOT)/Developer/Library/Frameworks",
					"$(inherited)",
					"$(DEVELOPER_FRAMEWORKS_DIR)",
				);
				GCC_PRECOMPILE_PREFIX_HEADER = YES;
				GCC_PREFIX_HEADER = "Arduino Greenhouse/Arduino Greenhouse-Prefix.pch";
				INFOPLIST_FILE = "Arduino GreenhouseTests/Arduino GreenhouseTests-Info.plist";
				PRODUCT_NAME = "Arduino GreenhouseTests";
				TEST_HOST = "$(BUNDLE_LOADER)";
				WRAPPER_EXTENSION = xctest;
			};
			name = Release;
		};
/* End XCBuildConfiguration section */

/* Begin XCConfigurationList section */
		27CD20CA1858326B004D8FE7 /* Build configuration list for PBXProject "Arduino Greenhouse" */ = {
			isa = XCConfigurationList;
			buildConfigurations = (
				27CD20FF1858326C004D8FE7 /* Debug */,
				27CD21001858326C004D8FE7 /* Release */,
			);
			defaultConfigurationIsVisible = 0;
			defaultConfigurationName = Release;
		};
		27CD21011858326C004D8FE7 /* Build configuration list for PBXNativeTarget "Arduino Greenhouse" */ = {
			isa = XCConfigurationList;
			buildConfigurations = (
				27CD21021858326C004D8FE7 /* Debug */,
				27CD21031858326C004D8FE7 /* Release */,
			);
			defaultConfigurationIsVisible = 0;
			defaultConfigurationName = Release;
		};
		27CD21041858326C004D8FE7 /* Build configuration list for PBXNativeTarget "Arduino GreenhouseTests" */ = {
			isa = XCConfigurationList;
			buildConfigurations = (
				27CD21051858326C004D8FE7 /* Debug */,
				27CD21061858326C004D8FE7 /* Release */,
			);
			defaultConfigurationIsVisible = 0;
			defaultConfigurationName = Release;
		};
/* End XCConfigurationList section */
	};
	rootObject = 27CD20C71858326B004D8FE7 /* Project object */;
}
